
Microsoft Visual Studio Solution File, Format Version 12.00
# Visual Studio Version 17
VisualStudioVersion = 17.3.32901.215
MinimumVisualStudioVersion = 10.0.40219.1
Project("{FAE04EC0-301F-11D3-BF4B-00C04F79EFBC}") = "piedra-papel-tijera", "piedra-papel-tijera.csproj", "{750578FE-88DE-4AD7-9300-CD02D15FC12E}"
EndProject
Global
	GlobalSection(SolutionConfigurationPlatforms) = preSolution
		Debug|Any CPU = Debug|Any CPU
		Release|Any CPU = Release|Any CPU
	EndGlobalSection
	GlobalSection(ProjectConfigurationPlatforms) = postSolution
		{750578FE-88DE-4AD7-9300-CD02D15FC12E}.Debug|Any CPU.ActiveCfg = Debug|Any CPU
		{750578FE-88DE-4AD7-9300-CD02D15FC12E}.Debug|Any CPU.Build.0 = Debug|Any CPU
		{750578FE-88DE-4AD7-9300-CD02D15FC12E}.Release|Any CPU.ActiveCfg = Release|Any CPU
		{750578FE-88DE-4AD7-9300-CD02D15FC12E}.Release|Any CPU.Build.0 = Release|Any CPU
	EndGlobalSection
	GlobalSection(SolutionProperties) = preSolution
		HideSolutionNode = FALSE
	EndGlobalSection
	GlobalSection(ExtensibilityGlobals) = postSolution
		SolutionGuid = {B333A9D7-18A7-4DA9-BD51-D882CFDC67EB}
	EndGlobalSection
EndGlobal
